
Microsoft Visual Studio Solution File, Format Version 12.00
# Visual Studio Version 17
VisualStudioVersion = 17.0.32112.339
MinimumVisualStudioVersion = 10.0.40219.1
Project("{9A19103F-16F7-4668-BE54-9A1E7A4F7556}") = "Altinn.Platform.Authorization", "src\Authorization\Altinn.Platform.Authorization.csproj", "{D9C0433E-738C-4E07-9F88-D71D7DF04E3F}"
EndProject
Project("{9A19103F-16F7-4668-BE54-9A1E7A4F7556}") = "Altinn.Authorization.ABAC", "src\Altinn.Authorization.ABAC\Altinn.Authorization.ABAC.csproj", "{C9ABF5DB-928C-4280-B587-13E6DCE010BC}"
EndProject
Project("{9A19103F-16F7-4668-BE54-9A1E7A4F7556}") = "Altinn.Platform.Authorization.IntegrationTests", "test\IntegrationTests\Altinn.Platform.Authorization.IntegrationTests.csproj", "{977119A9-CF6D-4806-BEB2-9CFEE26C3208}"
EndProject
Project("{9A19103F-16F7-4668-BE54-9A1E7A4F7556}") = "Altinn.Authorization.ABAC.UnitTest", "test\UnitTest\Altinn.Authorization.ABAC.UnitTest.csproj", "{F7FECF3A-0766-46DE-94C7-F237A188FCD0}"
EndProject
Project("{9A19103F-16F7-4668-BE54-9A1E7A4F7556}") = "Altinn.Platform.Authorization.Functions", "src\Functions\Altinn.Platform.Authorization.Functions.csproj", "{E3B2051B-26AE-4E5D-9B50-F7601CCCCAA8}"
EndProject
Project("{9A19103F-16F7-4668-BE54-9A1E7A4F7556}") = "Altinn.Platform.Authorization.Functions.UnitTest", "test\Functions\Altinn.Platform.Authorization.Functions.UnitTest.csproj", "{A0D319A5-0C9D-42D7-B896-643A5CBAC9D5}"
EndProject
Project("{9A19103F-16F7-4668-BE54-9A1E7A4F7556}") = "Altinn.Common.PEP", "src\Altinn.Common.PEP\Altinn.Common.PEP\Altinn.Common.PEP.csproj", "{92F10F90-79C5-459F-8238-0EC4D02AA93C}"
EndProject
Global
	GlobalSection(SolutionConfigurationPlatforms) = preSolution
		Debug|Any CPU = Debug|Any CPU
		Release|Any CPU = Release|Any CPU
	EndGlobalSection
	GlobalSection(ProjectConfigurationPlatforms) = postSolution
		{D9C0433E-738C-4E07-9F88-D71D7DF04E3F}.Debug|Any CPU.ActiveCfg = Debug|Any CPU
		{D9C0433E-738C-4E07-9F88-D71D7DF04E3F}.Debug|Any CPU.Build.0 = Debug|Any CPU
		{D9C0433E-738C-4E07-9F88-D71D7DF04E3F}.Release|Any CPU.ActiveCfg = Release|Any CPU
		{D9C0433E-738C-4E07-9F88-D71D7DF04E3F}.Release|Any CPU.Build.0 = Release|Any CPU
		{C9ABF5DB-928C-4280-B587-13E6DCE010BC}.Debug|Any CPU.ActiveCfg = Debug|Any CPU
		{C9ABF5DB-928C-4280-B587-13E6DCE010BC}.Debug|Any CPU.Build.0 = Debug|Any CPU
		{C9ABF5DB-928C-4280-B587-13E6DCE010BC}.Release|Any CPU.ActiveCfg = Release|Any CPU
		{C9ABF5DB-928C-4280-B587-13E6DCE010BC}.Release|Any CPU.Build.0 = Release|Any CPU
		{977119A9-CF6D-4806-BEB2-9CFEE26C3208}.Debug|Any CPU.ActiveCfg = Debug|Any CPU
		{977119A9-CF6D-4806-BEB2-9CFEE26C3208}.Debug|Any CPU.Build.0 = Debug|Any CPU
		{977119A9-CF6D-4806-BEB2-9CFEE26C3208}.Release|Any CPU.ActiveCfg = Release|Any CPU
		{977119A9-CF6D-4806-BEB2-9CFEE26C3208}.Release|Any CPU.Build.0 = Release|Any CPU
		{F7FECF3A-0766-46DE-94C7-F237A188FCD0}.Debug|Any CPU.ActiveCfg = Debug|Any CPU
		{F7FECF3A-0766-46DE-94C7-F237A188FCD0}.Debug|Any CPU.Build.0 = Debug|Any CPU
		{F7FECF3A-0766-46DE-94C7-F237A188FCD0}.Release|Any CPU.ActiveCfg = Release|Any CPU
		{F7FECF3A-0766-46DE-94C7-F237A188FCD0}.Release|Any CPU.Build.0 = Release|Any CPU
		{E3B2051B-26AE-4E5D-9B50-F7601CCCCAA8}.Debug|Any CPU.ActiveCfg = Debug|Any CPU
		{E3B2051B-26AE-4E5D-9B50-F7601CCCCAA8}.Debug|Any CPU.Build.0 = Debug|Any CPU
		{E3B2051B-26AE-4E5D-9B50-F7601CCCCAA8}.Release|Any CPU.ActiveCfg = Release|Any CPU
		{E3B2051B-26AE-4E5D-9B50-F7601CCCCAA8}.Release|Any CPU.Build.0 = Release|Any CPU
		{A0D319A5-0C9D-42D7-B896-643A5CBAC9D5}.Debug|Any CPU.ActiveCfg = Debug|Any CPU
		{A0D319A5-0C9D-42D7-B896-643A5CBAC9D5}.Debug|Any CPU.Build.0 = Debug|Any CPU
		{A0D319A5-0C9D-42D7-B896-643A5CBAC9D5}.Release|Any CPU.ActiveCfg = Release|Any CPU
		{A0D319A5-0C9D-42D7-B896-643A5CBAC9D5}.Release|Any CPU.Build.0 = Release|Any CPU
		{92F10F90-79C5-459F-8238-0EC4D02AA93C}.Debug|Any CPU.ActiveCfg = Debug|Any CPU
		{92F10F90-79C5-459F-8238-0EC4D02AA93C}.Debug|Any CPU.Build.0 = Debug|Any CPU
		{92F10F90-79C5-459F-8238-0EC4D02AA93C}.Release|Any CPU.ActiveCfg = Release|Any CPU
		{92F10F90-79C5-459F-8238-0EC4D02AA93C}.Release|Any CPU.Build.0 = Release|Any CPU
	EndGlobalSection
	GlobalSection(SolutionProperties) = preSolution
		HideSolutionNode = FALSE
	EndGlobalSection
	GlobalSection(ExtensibilityGlobals) = postSolution
		SolutionGuid = {2476108E-1563-4536-8598-580458456AAB}
	EndGlobalSection
EndGlobal
