
Microsoft Visual Studio Solution File, Format Version 12.00
# Visual Studio Version 17
VisualStudioVersion = 17.0.31903.59
MinimumVisualStudioVersion = 10.0.40219.1
Project("{2150E333-8FDC-42A3-9474-1A3956D46DE8}") = "src", "src", "{0101BDBE-9E66-4181-82F2-40D0304B81E7}"
EndProject
Project("{FAE04EC0-301F-11D3-BF4B-00C04F79EFBC}") = "Altinn.Authorization.ABAC", "src\Altinn.Authorization.ABAC\Altinn.Authorization.ABAC.csproj", "{C9ABF5DB-928C-4280-B587-13E6DCE010BC}"
EndProject
Project("{2150E333-8FDC-42A3-9474-1A3956D46DE8}") = "tests", "tests", "{7E31D57A-C3E6-41AF-A7ED-288935E29B57}"
EndProject
Project("{FAE04EC0-301F-11D3-BF4B-00C04F79EFBC}") = "Altinn.Authorization.ABAC.UnitTest", "tests\UnitTest\Altinn.Authorization.ABAC.UnitTest.csproj", "{78958496-B9D0-4B53-87E4-72480D653410}"
EndProject
Global
	GlobalSection(SolutionConfigurationPlatforms) = preSolution
		Debug|Any CPU = Debug|Any CPU
		Release|Any CPU = Release|Any CPU
	EndGlobalSection
	GlobalSection(SolutionProperties) = preSolution
		HideSolutionNode = FALSE
	EndGlobalSection
	GlobalSection(ProjectConfigurationPlatforms) = postSolution
		{C9ABF5DB-928C-4280-B587-13E6DCE010BC}.Debug|Any CPU.ActiveCfg = Debug|Any CPU
		{C9ABF5DB-928C-4280-B587-13E6DCE010BC}.Debug|Any CPU.Build.0 = Debug|Any CPU
		{C9ABF5DB-928C-4280-B587-13E6DCE010BC}.Release|Any CPU.ActiveCfg = Release|Any CPU
		{C9ABF5DB-928C-4280-B587-13E6DCE010BC}.Release|Any CPU.Build.0 = Release|Any CPU
		{78958496-B9D0-4B53-87E4-72480D653410}.Debug|Any CPU.ActiveCfg = Debug|Any CPU
		{78958496-B9D0-4B53-87E4-72480D653410}.Debug|Any CPU.Build.0 = Debug|Any CPU
		{78958496-B9D0-4B53-87E4-72480D653410}.Release|Any CPU.ActiveCfg = Release|Any CPU
		{78958496-B9D0-4B53-87E4-72480D653410}.Release|Any CPU.Build.0 = Release|Any CPU
	EndGlobalSection
	GlobalSection(NestedProjects) = preSolution
		{C9ABF5DB-928C-4280-B587-13E6DCE010BC} = {0101BDBE-9E66-4181-82F2-40D0304B81E7}
		{78958496-B9D0-4B53-87E4-72480D653410} = {7E31D57A-C3E6-41AF-A7ED-288935E29B57}
	EndGlobalSection
EndGlobal
