
Microsoft Visual Studio Solution File, Format Version 12.00
# Visual Studio Version 17
VisualStudioVersion = 17.0.31912.275
MinimumVisualStudioVersion = 10.0.40219.1
Project("{9A19103F-16F7-4668-BE54-9A1E7A4F7556}") = "Altinn.Platform.AccessPolicies", "Altinn.Platform.AccessPolicies.csproj", "{C1576048-8F8A-4AA1-830C-50C4CB8CC3A7}"
EndProject
Project("{9A19103F-16F7-4668-BE54-9A1E7A4F7556}") = "Altinn.Platform.AccessPolicies.Tests", "..\..\test\AccessPoliciesTest\Altinn.Platform.AccessPolicies.Tests.csproj", "{36AFBBC4-E3B1-432F-9DDA-70E3E1222671}"
EndProject
Global
	GlobalSection(SolutionConfigurationPlatforms) = preSolution
		Debug|Any CPU = Debug|Any CPU
		Release|Any CPU = Release|Any CPU
	EndGlobalSection
	GlobalSection(ProjectConfigurationPlatforms) = postSolution
		{C1576048-8F8A-4AA1-830C-50C4CB8CC3A7}.Debug|Any CPU.ActiveCfg = Debug|Any CPU
		{C1576048-8F8A-4AA1-830C-50C4CB8CC3A7}.Debug|Any CPU.Build.0 = Debug|Any CPU
		{C1576048-8F8A-4AA1-830C-50C4CB8CC3A7}.Release|Any CPU.ActiveCfg = Release|Any CPU
		{C1576048-8F8A-4AA1-830C-50C4CB8CC3A7}.Release|Any CPU.Build.0 = Release|Any CPU
		{36AFBBC4-E3B1-432F-9DDA-70E3E1222671}.Debug|Any CPU.ActiveCfg = Debug|Any CPU
		{36AFBBC4-E3B1-432F-9DDA-70E3E1222671}.Debug|Any CPU.Build.0 = Debug|Any CPU
		{36AFBBC4-E3B1-432F-9DDA-70E3E1222671}.Release|Any CPU.ActiveCfg = Release|Any CPU
		{36AFBBC4-E3B1-432F-9DDA-70E3E1222671}.Release|Any CPU.Build.0 = Release|Any CPU
	EndGlobalSection
	GlobalSection(SolutionProperties) = preSolution
		HideSolutionNode = FALSE
	EndGlobalSection
	GlobalSection(ExtensibilityGlobals) = postSolution
		SolutionGuid = {99974504-3D92-4394-8232-B22CD2D05D15}
	EndGlobalSection
EndGlobal
