
Microsoft Visual Studio Solution File, Format Version 12.00
# Visual Studio Version 17
VisualStudioVersion = 17.0.31912.275
MinimumVisualStudioVersion = 10.0.40219.1
Project("{9A19103F-16F7-4668-BE54-9A1E7A4F7556}") = "Altinn.ResourceRegistry", "Altinn.ResourceRegistry.csproj", "{1CEF3493-0F24-46E8-9BC0-63A213FE6C55}"
EndProject
Project("{9A19103F-16F7-4668-BE54-9A1E7A4F7556}") = "ResourceRegistryTest", "..\ResourceRegistryTest\ResourceRegistryTest.csproj", "{720B753A-28B3-46E1-8C69-7A1EED0C94E5}"
EndProject
Project("{9A19103F-16F7-4668-BE54-9A1E7A4F7556}") = "Altinn.ResourceRegistry.Core", "..\Altinn.ResourceRegistry.Core\Altinn.ResourceRegistry.Core.csproj", "{2445DE2C-CBD4-4E30-8E35-711CA93362E8}"
EndProject
Project("{9A19103F-16F7-4668-BE54-9A1E7A4F7556}") = "Altinn.ResourceRegistry.Persistence", "..\Altinn.ResourceRegistry.Persistence\Altinn.ResourceRegistry.Persistence.csproj", "{1AE36D08-7DE9-41A7-8306-0696F3BF2AC6}"
EndProject
Project("{FAE04EC0-301F-11D3-BF4B-00C04F79EFBC}") = "Altinn.ResourceRegistry.Integration", "..\Altinn.ResourceRegistry.Integration\Altinn.ResourceRegistry.Integration.csproj", "{28B0545F-050F-41C2-AA02-214C96A01AD0}"
EndProject
Global
	GlobalSection(SolutionConfigurationPlatforms) = preSolution
		Debug|Any CPU = Debug|Any CPU
		Release|Any CPU = Release|Any CPU
	EndGlobalSection
	GlobalSection(ProjectConfigurationPlatforms) = postSolution
		{1CEF3493-0F24-46E8-9BC0-63A213FE6C55}.Debug|Any CPU.ActiveCfg = Debug|Any CPU
		{1CEF3493-0F24-46E8-9BC0-63A213FE6C55}.Debug|Any CPU.Build.0 = Debug|Any CPU
		{1CEF3493-0F24-46E8-9BC0-63A213FE6C55}.Release|Any CPU.ActiveCfg = Release|Any CPU
		{1CEF3493-0F24-46E8-9BC0-63A213FE6C55}.Release|Any CPU.Build.0 = Release|Any CPU
		{720B753A-28B3-46E1-8C69-7A1EED0C94E5}.Debug|Any CPU.ActiveCfg = Debug|Any CPU
		{720B753A-28B3-46E1-8C69-7A1EED0C94E5}.Debug|Any CPU.Build.0 = Debug|Any CPU
		{720B753A-28B3-46E1-8C69-7A1EED0C94E5}.Release|Any CPU.ActiveCfg = Release|Any CPU
		{720B753A-28B3-46E1-8C69-7A1EED0C94E5}.Release|Any CPU.Build.0 = Release|Any CPU
		{2445DE2C-CBD4-4E30-8E35-711CA93362E8}.Debug|Any CPU.ActiveCfg = Debug|Any CPU
		{2445DE2C-CBD4-4E30-8E35-711CA93362E8}.Debug|Any CPU.Build.0 = Debug|Any CPU
		{2445DE2C-CBD4-4E30-8E35-711CA93362E8}.Release|Any CPU.ActiveCfg = Release|Any CPU
		{2445DE2C-CBD4-4E30-8E35-711CA93362E8}.Release|Any CPU.Build.0 = Release|Any CPU
		{1AE36D08-7DE9-41A7-8306-0696F3BF2AC6}.Debug|Any CPU.ActiveCfg = Debug|Any CPU
		{1AE36D08-7DE9-41A7-8306-0696F3BF2AC6}.Debug|Any CPU.Build.0 = Debug|Any CPU
		{1AE36D08-7DE9-41A7-8306-0696F3BF2AC6}.Release|Any CPU.ActiveCfg = Release|Any CPU
		{1AE36D08-7DE9-41A7-8306-0696F3BF2AC6}.Release|Any CPU.Build.0 = Release|Any CPU
		{28B0545F-050F-41C2-AA02-214C96A01AD0}.Debug|Any CPU.ActiveCfg = Debug|Any CPU
		{28B0545F-050F-41C2-AA02-214C96A01AD0}.Debug|Any CPU.Build.0 = Debug|Any CPU
		{28B0545F-050F-41C2-AA02-214C96A01AD0}.Release|Any CPU.ActiveCfg = Release|Any CPU
		{28B0545F-050F-41C2-AA02-214C96A01AD0}.Release|Any CPU.Build.0 = Release|Any CPU
	EndGlobalSection
	GlobalSection(SolutionProperties) = preSolution
		HideSolutionNode = FALSE
	EndGlobalSection
	GlobalSection(ExtensibilityGlobals) = postSolution
		SolutionGuid = {9933806A-F446-4097-BA19-B947F2240FF2}
	EndGlobalSection
EndGlobal
